
Microsoft Visual Studio Solution File, Format Version 12.00
# Visual Studio Version 16
VisualStudioVersion = 16.0.30503.244
MinimumVisualStudioVersion = 10.0.40219.1
Project("{FAE04EC0-301F-11D3-BF4B-00C04F79EFBC}") = "ExperimentWithControls", "ExperimentWithControls.csproj", "{054EDFE9-B026-41BB-B9AC-D1C215FFFB9B}"
EndProject
Global
	GlobalSection(SolutionConfigurationPlatforms) = preSolution
		Debug|Any CPU = Debug|Any CPU
		Release|Any CPU = Release|Any CPU
	EndGlobalSection
	GlobalSection(ProjectConfigurationPlatforms) = postSolution
		{054EDFE9-B026-41BB-B9AC-D1C215FFFB9B}.Debug|Any CPU.ActiveCfg = Debug|Any CPU
		{054EDFE9-B026-41BB-B9AC-D1C215FFFB9B}.Debug|Any CPU.Build.0 = Debug|Any CPU
		{054EDFE9-B026-41BB-B9AC-D1C215FFFB9B}.Release|Any CPU.ActiveCfg = Release|Any CPU
		{054EDFE9-B026-41BB-B9AC-D1C215FFFB9B}.Release|Any CPU.Build.0 = Release|Any CPU
	EndGlobalSection
	GlobalSection(SolutionProperties) = preSolution
		HideSolutionNode = FALSE
	EndGlobalSection
	GlobalSection(ExtensibilityGlobals) = postSolution
		SolutionGuid = {3DC74684-4153-48CB-AE4E-18B52B2F12C2}
	EndGlobalSection
EndGlobal
